
Microsoft Visual Studio Solution File, Format Version 12.00
Project("{FAE04EC0-301F-11D3-BF4B-00C04F79EFBC}") = "Spp_1", "Spp_1\Spp_1.csproj", "{B8255CC1-633D-4671-9A30-B3B23ABE9E85}"
EndProject
Project("{FAE04EC0-301F-11D3-BF4B-00C04F79EFBC}") = "Core", "..\MPP-Labs\Lab1\TracerLab\Core\Core.csproj", "{3E4DF5AC-FBB2-4571-A23E-8A8544881A5B}"
EndProject
Project("{FAE04EC0-301F-11D3-BF4B-00C04F79EFBC}") = "TracerLib", "..\MPP-Labs\Lab1\TracerLab\Serialization\TracerLib.csproj", "{D71FC030-ED7E-48C5-A0AE-5DA2C9770CC2}"
EndProject
Global
	GlobalSection(SolutionConfigurationPlatforms) = preSolution
		Debug|Any CPU = Debug|Any CPU
		Release|Any CPU = Release|Any CPU
	EndGlobalSection
	GlobalSection(ProjectConfigurationPlatforms) = postSolution
		{B8255CC1-633D-4671-9A30-B3B23ABE9E85}.Debug|Any CPU.ActiveCfg = Debug|Any CPU
		{B8255CC1-633D-4671-9A30-B3B23ABE9E85}.Debug|Any CPU.Build.0 = Debug|Any CPU
		{B8255CC1-633D-4671-9A30-B3B23ABE9E85}.Release|Any CPU.ActiveCfg = Release|Any CPU
		{B8255CC1-633D-4671-9A30-B3B23ABE9E85}.Release|Any CPU.Build.0 = Release|Any CPU
		{3E4DF5AC-FBB2-4571-A23E-8A8544881A5B}.Debug|Any CPU.ActiveCfg = Debug|Any CPU
		{3E4DF5AC-FBB2-4571-A23E-8A8544881A5B}.Debug|Any CPU.Build.0 = Debug|Any CPU
		{3E4DF5AC-FBB2-4571-A23E-8A8544881A5B}.Release|Any CPU.ActiveCfg = Release|Any CPU
		{3E4DF5AC-FBB2-4571-A23E-8A8544881A5B}.Release|Any CPU.Build.0 = Release|Any CPU
		{D71FC030-ED7E-48C5-A0AE-5DA2C9770CC2}.Debug|Any CPU.ActiveCfg = Debug|Any CPU
		{D71FC030-ED7E-48C5-A0AE-5DA2C9770CC2}.Debug|Any CPU.Build.0 = Debug|Any CPU
		{D71FC030-ED7E-48C5-A0AE-5DA2C9770CC2}.Release|Any CPU.ActiveCfg = Release|Any CPU
		{D71FC030-ED7E-48C5-A0AE-5DA2C9770CC2}.Release|Any CPU.Build.0 = Release|Any CPU
	EndGlobalSection
EndGlobal
